{
  "nodes": {
    "home-manager": {
      "inputs": {
        "nixpkgs": "nixpkgs"
      },
      "locked": {
        "lastModified": 1632431340,
        "narHash": "sha256-9xUnx5aeDp8Irg2/rWBKn3AjiiQTtsjTX0UshzMXy94=",
        "owner": "nix-community",
        "repo": "home-manager",
        "rev": "b0651cc2173427857b172604f85da6afe69e1d41",
        "type": "github"
      },
      "original": {
        "owner": "nix-community",
        "repo": "home-manager",
        "type": "github"
      }
    },
    "nixpkgs": {
      "locked": {
        "lastModified": 1632514724,
        "narHash": "sha256-Uk2eY/4CQzNepB822qiWa4t+GMd9UDoZ0yGxku7aubQ=",
        "owner": "NixOS",
        "repo": "nixpkgs",
        "rev": "8ff19dd69acf6a0f69b12ebe235d0748e0de1d67",
        "type": "github"
      },
      "original": {
        "id": "nixpkgs",
        "type": "indirect"
      }
    },
    "nixpkgs-master": {
      "locked": {
        "lastModified": 1632610395,
        "narHash": "sha256-lboGTH4lsEUl7b3M6sDUcMxH6nHLZ7bm4xYr0erEDV0=",
        "owner": "nixos",
        "repo": "nixpkgs",
        "rev": "168b5c5d8bcbdfa7fcbb3240f533150b63536645",
        "type": "github"
      },
      "original": {
        "owner": "nixos",
        "ref": "master",
        "repo": "nixpkgs",
        "type": "github"
      }
    },
    "nixpkgs_2": {
      "locked": {
        "lastModified": 1631785487,
        "narHash": "sha256-VSKEvOtaY/roDxEHFxXh6GguOqqWCJZ3E06fBdKu8+I=",
        "owner": "nixos",
        "repo": "nixpkgs",
        "rev": "79c444b5bdeaba142d128afddee14c89ecf2a968",
        "type": "github"
      },
      "original": {
        "owner": "nixos",
        "ref": "nixos-unstable",
        "repo": "nixpkgs",
        "type": "github"
      }
    },
    "root": {
      "inputs": {
        "home-manager": "home-manager",
        "nixpkgs": "nixpkgs_2",
        "nixpkgs-master": "nixpkgs-master",
        "secrets": "secrets"
      }
    },
    "secrets": {
      "locked": {
        "lastModified": 0,
        "narHash": "sha256-Npr6k+HhAAfBcHGJ0FR2ms867BUXem5GMtuaKDo0Csw=",
        "type": "git",
        "url": "file:///home/alex/git/nixos-secrets"
      },
      "original": {
        "type": "git",
        "url": "file:///home/alex/git/nixos-secrets"
      }
    }
  },
  "root": "root",
  "version": 7
}
